
Microsoft Visual Studio Solution File, Format Version 12.00
# Visual Studio Version 17
VisualStudioVersion = 17.7.34003.232
MinimumVisualStudioVersion = 10.0.40219.1
Project("{8BC9CEB8-8B4A-11D0-8D11-00A0C91BC942}") = "Hitman", "Source\Hitman\Hitman.vcxproj", "{2EEA7A31-4F55-4E2B-92E2-67131AA03D1E}"
EndProject
Project("{8BC9CEB8-8B4A-11D0-8D11-00A0C91BC942}") = "EAX", "Source\EAX\EAX.vcxproj", "{D6A90CF4-3964-4ADA-95FE-FD9631450A60}"
EndProject
Project("{8BC9CEB8-8B4A-11D0-8D11-00A0C91BC942}") = "Globals", "Source\Globals\Globals.vcxproj", "{E9AA90CC-2291-4E42-825B-33E6C9CCBD8B}"
EndProject
Project("{8BC9CEB8-8B4A-11D0-8D11-00A0C91BC942}") = "System", "Source\System\System.vcxproj", "{E123EA86-DCD6-4184-BE22-B3CA506EC85D}"
	ProjectSection(ProjectDependencies) = postProject
		{70AF5F42-183B-4453-9E3B-EF343E3D06A1} = {70AF5F42-183B-4453-9E3B-EF343E3D06A1}
		{DDBEFC83-FF26-475C-BCFC-8939C73F3C69} = {DDBEFC83-FF26-475C-BCFC-8939C73F3C69}
		{E9AA90CC-2291-4E42-825B-33E6C9CCBD8B} = {E9AA90CC-2291-4E42-825B-33E6C9CCBD8B}
	EndProjectSection
EndProject
Project("{8BC9CEB8-8B4A-11D0-8D11-00A0C91BC942}") = "RenderD3D", "Source\RenderD3D\RenderD3D.vcxproj", "{9761DF10-DB42-4CBC-BD3A-097C944DC0CE}"
EndProject
Project("{8BC9CEB8-8B4A-11D0-8D11-00A0C91BC942}") = "SystemProbeDLL", "Source\SystemProbeDLL\SystemProbeDLL.vcxproj", "{3CCF9DD3-FDE7-40A0-A82B-D9912EE594A8}"
	ProjectSection(ProjectDependencies) = postProject
		{E9AA90CC-2291-4E42-825B-33E6C9CCBD8B} = {E9AA90CC-2291-4E42-825B-33E6C9CCBD8B}
	EndProjectSection
EndProject
Project("{8BC9CEB8-8B4A-11D0-8D11-00A0C91BC942}") = "DirectPlay", "Source\DirectPlay\DirectPlay.vcxproj", "{18A34743-F839-4CF5-AA4D-AEB533B3171E}"
	ProjectSection(ProjectDependencies) = postProject
		{E9AA90CC-2291-4E42-825B-33E6C9CCBD8B} = {E9AA90CC-2291-4E42-825B-33E6C9CCBD8B}
	EndProjectSection
EndProject
Project("{8BC9CEB8-8B4A-11D0-8D11-00A0C91BC942}") = "ZLib", "Source\ZLib\ZLib.vcxproj", "{DDBEFC83-FF26-475C-BCFC-8939C73F3C69}"
EndProject
Project("{8BC9CEB8-8B4A-11D0-8D11-00A0C91BC942}") = "EngineData", "Source\EngineData\EngineData.vcxproj", "{9746ECF0-9D9A-4D4E-B1B1-4EC9E794A453}"
	ProjectSection(ProjectDependencies) = postProject
		{E123EA86-DCD6-4184-BE22-B3CA506EC85D} = {E123EA86-DCD6-4184-BE22-B3CA506EC85D}
		{E9AA90CC-2291-4E42-825B-33E6C9CCBD8B} = {E9AA90CC-2291-4E42-825B-33E6C9CCBD8B}
	EndProjectSection
EndProject
Project("{8BC9CEB8-8B4A-11D0-8D11-00A0C91BC942}") = "Sound", "Source\Sound\Sound.vcxproj", "{65C500B9-452A-44A6-912B-642B0A2749CA}"
	ProjectSection(ProjectDependencies) = postProject
		{E123EA86-DCD6-4184-BE22-B3CA506EC85D} = {E123EA86-DCD6-4184-BE22-B3CA506EC85D}
	EndProjectSection
EndProject
Project("{8BC9CEB8-8B4A-11D0-8D11-00A0C91BC942}") = "STARTW", "Source\STARTW\STARTW.vcxproj", "{69672F36-2440-4779-82F2-85BC91435CF0}"
EndProject
Project("{8BC9CEB8-8B4A-11D0-8D11-00A0C91BC942}") = "xmlparse", "Source\xmlparse\xmlparse.vcxproj", "{70AF5F42-183B-4453-9E3B-EF343E3D06A1}"
EndProject
Project("{8BC9CEB8-8B4A-11D0-8D11-00A0C91BC942}") = "Locale", "Source\Locale\Locale.vcxproj", "{485711C8-8A24-490E-BE55-D78805C24219}"
EndProject
Global
	GlobalSection(SolutionConfigurationPlatforms) = preSolution
		Debug|x64 = Debug|x64
		Debug|x86 = Debug|x86
		Release|x64 = Release|x64
		Release|x86 = Release|x86
	EndGlobalSection
	GlobalSection(ProjectConfigurationPlatforms) = postSolution
		{2EEA7A31-4F55-4E2B-92E2-67131AA03D1E}.Debug|x64.ActiveCfg = Debug|x64
		{2EEA7A31-4F55-4E2B-92E2-67131AA03D1E}.Debug|x64.Build.0 = Debug|x64
		{2EEA7A31-4F55-4E2B-92E2-67131AA03D1E}.Debug|x86.ActiveCfg = Debug|Win32
		{2EEA7A31-4F55-4E2B-92E2-67131AA03D1E}.Debug|x86.Build.0 = Debug|Win32
		{2EEA7A31-4F55-4E2B-92E2-67131AA03D1E}.Release|x64.ActiveCfg = Release|x64
		{2EEA7A31-4F55-4E2B-92E2-67131AA03D1E}.Release|x64.Build.0 = Release|x64
		{2EEA7A31-4F55-4E2B-92E2-67131AA03D1E}.Release|x86.ActiveCfg = Release|Win32
		{2EEA7A31-4F55-4E2B-92E2-67131AA03D1E}.Release|x86.Build.0 = Release|Win32
		{D6A90CF4-3964-4ADA-95FE-FD9631450A60}.Debug|x64.ActiveCfg = Debug|x64
		{D6A90CF4-3964-4ADA-95FE-FD9631450A60}.Debug|x64.Build.0 = Debug|x64
		{D6A90CF4-3964-4ADA-95FE-FD9631450A60}.Debug|x86.ActiveCfg = Debug|Win32
		{D6A90CF4-3964-4ADA-95FE-FD9631450A60}.Debug|x86.Build.0 = Debug|Win32
		{D6A90CF4-3964-4ADA-95FE-FD9631450A60}.Release|x64.ActiveCfg = Release|x64
		{D6A90CF4-3964-4ADA-95FE-FD9631450A60}.Release|x64.Build.0 = Release|x64
		{D6A90CF4-3964-4ADA-95FE-FD9631450A60}.Release|x86.ActiveCfg = Release|Win32
		{D6A90CF4-3964-4ADA-95FE-FD9631450A60}.Release|x86.Build.0 = Release|Win32
		{E9AA90CC-2291-4E42-825B-33E6C9CCBD8B}.Debug|x64.ActiveCfg = Debug|x64
		{E9AA90CC-2291-4E42-825B-33E6C9CCBD8B}.Debug|x64.Build.0 = Debug|x64
		{E9AA90CC-2291-4E42-825B-33E6C9CCBD8B}.Debug|x86.ActiveCfg = Debug|Win32
		{E9AA90CC-2291-4E42-825B-33E6C9CCBD8B}.Debug|x86.Build.0 = Debug|Win32
		{E9AA90CC-2291-4E42-825B-33E6C9CCBD8B}.Release|x64.ActiveCfg = Release|x64
		{E9AA90CC-2291-4E42-825B-33E6C9CCBD8B}.Release|x64.Build.0 = Release|x64
		{E9AA90CC-2291-4E42-825B-33E6C9CCBD8B}.Release|x86.ActiveCfg = Release|Win32
		{E9AA90CC-2291-4E42-825B-33E6C9CCBD8B}.Release|x86.Build.0 = Release|Win32
		{E123EA86-DCD6-4184-BE22-B3CA506EC85D}.Debug|x64.ActiveCfg = Debug|x64
		{E123EA86-DCD6-4184-BE22-B3CA506EC85D}.Debug|x64.Build.0 = Debug|x64
		{E123EA86-DCD6-4184-BE22-B3CA506EC85D}.Debug|x86.ActiveCfg = Debug|Win32
		{E123EA86-DCD6-4184-BE22-B3CA506EC85D}.Debug|x86.Build.0 = Debug|Win32
		{E123EA86-DCD6-4184-BE22-B3CA506EC85D}.Release|x64.ActiveCfg = Release|x64
		{E123EA86-DCD6-4184-BE22-B3CA506EC85D}.Release|x64.Build.0 = Release|x64
		{E123EA86-DCD6-4184-BE22-B3CA506EC85D}.Release|x86.ActiveCfg = Release|Win32
		{E123EA86-DCD6-4184-BE22-B3CA506EC85D}.Release|x86.Build.0 = Release|Win32
		{9761DF10-DB42-4CBC-BD3A-097C944DC0CE}.Debug|x64.ActiveCfg = Debug|x64
		{9761DF10-DB42-4CBC-BD3A-097C944DC0CE}.Debug|x64.Build.0 = Debug|x64
		{9761DF10-DB42-4CBC-BD3A-097C944DC0CE}.Debug|x86.ActiveCfg = Debug|Win32
		{9761DF10-DB42-4CBC-BD3A-097C944DC0CE}.Debug|x86.Build.0 = Debug|Win32
		{9761DF10-DB42-4CBC-BD3A-097C944DC0CE}.Release|x64.ActiveCfg = Release|x64
		{9761DF10-DB42-4CBC-BD3A-097C944DC0CE}.Release|x64.Build.0 = Release|x64
		{9761DF10-DB42-4CBC-BD3A-097C944DC0CE}.Release|x86.ActiveCfg = Release|Win32
		{9761DF10-DB42-4CBC-BD3A-097C944DC0CE}.Release|x86.Build.0 = Release|Win32
		{3CCF9DD3-FDE7-40A0-A82B-D9912EE594A8}.Debug|x64.ActiveCfg = Debug|x64
		{3CCF9DD3-FDE7-40A0-A82B-D9912EE594A8}.Debug|x64.Build.0 = Debug|x64
		{3CCF9DD3-FDE7-40A0-A82B-D9912EE594A8}.Debug|x86.ActiveCfg = Debug|Win32
		{3CCF9DD3-FDE7-40A0-A82B-D9912EE594A8}.Debug|x86.Build.0 = Debug|Win32
		{3CCF9DD3-FDE7-40A0-A82B-D9912EE594A8}.Release|x64.ActiveCfg = Release|x64
		{3CCF9DD3-FDE7-40A0-A82B-D9912EE594A8}.Release|x64.Build.0 = Release|x64
		{3CCF9DD3-FDE7-40A0-A82B-D9912EE594A8}.Release|x86.ActiveCfg = Release|Win32
		{3CCF9DD3-FDE7-40A0-A82B-D9912EE594A8}.Release|x86.Build.0 = Release|Win32
		{18A34743-F839-4CF5-AA4D-AEB533B3171E}.Debug|x64.ActiveCfg = Debug|x64
		{18A34743-F839-4CF5-AA4D-AEB533B3171E}.Debug|x64.Build.0 = Debug|x64
		{18A34743-F839-4CF5-AA4D-AEB533B3171E}.Debug|x86.ActiveCfg = Debug|Win32
		{18A34743-F839-4CF5-AA4D-AEB533B3171E}.Debug|x86.Build.0 = Debug|Win32
		{18A34743-F839-4CF5-AA4D-AEB533B3171E}.Release|x64.ActiveCfg = Release|x64
		{18A34743-F839-4CF5-AA4D-AEB533B3171E}.Release|x64.Build.0 = Release|x64
		{18A34743-F839-4CF5-AA4D-AEB533B3171E}.Release|x86.ActiveCfg = Release|Win32
		{18A34743-F839-4CF5-AA4D-AEB533B3171E}.Release|x86.Build.0 = Release|Win32
		{DDBEFC83-FF26-475C-BCFC-8939C73F3C69}.Debug|x64.ActiveCfg = Debug|x64
		{DDBEFC83-FF26-475C-BCFC-8939C73F3C69}.Debug|x64.Build.0 = Debug|x64
		{DDBEFC83-FF26-475C-BCFC-8939C73F3C69}.Debug|x86.ActiveCfg = Debug|Win32
		{DDBEFC83-FF26-475C-BCFC-8939C73F3C69}.Debug|x86.Build.0 = Debug|Win32
		{DDBEFC83-FF26-475C-BCFC-8939C73F3C69}.Release|x64.ActiveCfg = Release|x64
		{DDBEFC83-FF26-475C-BCFC-8939C73F3C69}.Release|x64.Build.0 = Release|x64
		{DDBEFC83-FF26-475C-BCFC-8939C73F3C69}.Release|x86.ActiveCfg = Release|Win32
		{DDBEFC83-FF26-475C-BCFC-8939C73F3C69}.Release|x86.Build.0 = Release|Win32
		{9746ECF0-9D9A-4D4E-B1B1-4EC9E794A453}.Debug|x64.ActiveCfg = Debug|x64
		{9746ECF0-9D9A-4D4E-B1B1-4EC9E794A453}.Debug|x64.Build.0 = Debug|x64
		{9746ECF0-9D9A-4D4E-B1B1-4EC9E794A453}.Debug|x86.ActiveCfg = Debug|Win32
		{9746ECF0-9D9A-4D4E-B1B1-4EC9E794A453}.Debug|x86.Build.0 = Debug|Win32
		{9746ECF0-9D9A-4D4E-B1B1-4EC9E794A453}.Release|x64.ActiveCfg = Release|x64
		{9746ECF0-9D9A-4D4E-B1B1-4EC9E794A453}.Release|x64.Build.0 = Release|x64
		{9746ECF0-9D9A-4D4E-B1B1-4EC9E794A453}.Release|x86.ActiveCfg = Release|Win32
		{9746ECF0-9D9A-4D4E-B1B1-4EC9E794A453}.Release|x86.Build.0 = Release|Win32
		{65C500B9-452A-44A6-912B-642B0A2749CA}.Debug|x64.ActiveCfg = Debug|x64
		{65C500B9-452A-44A6-912B-642B0A2749CA}.Debug|x64.Build.0 = Debug|x64
		{65C500B9-452A-44A6-912B-642B0A2749CA}.Debug|x86.ActiveCfg = Debug|Win32
		{65C500B9-452A-44A6-912B-642B0A2749CA}.Debug|x86.Build.0 = Debug|Win32
		{65C500B9-452A-44A6-912B-642B0A2749CA}.Release|x64.ActiveCfg = Release|x64
		{65C500B9-452A-44A6-912B-642B0A2749CA}.Release|x64.Build.0 = Release|x64
		{65C500B9-452A-44A6-912B-642B0A2749CA}.Release|x86.ActiveCfg = Release|Win32
		{65C500B9-452A-44A6-912B-642B0A2749CA}.Release|x86.Build.0 = Release|Win32
		{69672F36-2440-4779-82F2-85BC91435CF0}.Debug|x64.ActiveCfg = Debug|x64
		{69672F36-2440-4779-82F2-85BC91435CF0}.Debug|x64.Build.0 = Debug|x64
		{69672F36-2440-4779-82F2-85BC91435CF0}.Debug|x86.ActiveCfg = Debug|Win32
		{69672F36-2440-4779-82F2-85BC91435CF0}.Debug|x86.Build.0 = Debug|Win32
		{69672F36-2440-4779-82F2-85BC91435CF0}.Release|x64.ActiveCfg = Release|x64
		{69672F36-2440-4779-82F2-85BC91435CF0}.Release|x64.Build.0 = Release|x64
		{69672F36-2440-4779-82F2-85BC91435CF0}.Release|x86.ActiveCfg = Release|Win32
		{69672F36-2440-4779-82F2-85BC91435CF0}.Release|x86.Build.0 = Release|Win32
		{70AF5F42-183B-4453-9E3B-EF343E3D06A1}.Debug|x64.ActiveCfg = Debug|x64
		{70AF5F42-183B-4453-9E3B-EF343E3D06A1}.Debug|x64.Build.0 = Debug|x64
		{70AF5F42-183B-4453-9E3B-EF343E3D06A1}.Debug|x86.ActiveCfg = Debug|Win32
		{70AF5F42-183B-4453-9E3B-EF343E3D06A1}.Debug|x86.Build.0 = Debug|Win32
		{70AF5F42-183B-4453-9E3B-EF343E3D06A1}.Release|x64.ActiveCfg = Release|x64
		{70AF5F42-183B-4453-9E3B-EF343E3D06A1}.Release|x64.Build.0 = Release|x64
		{70AF5F42-183B-4453-9E3B-EF343E3D06A1}.Release|x86.ActiveCfg = Release|Win32
		{70AF5F42-183B-4453-9E3B-EF343E3D06A1}.Release|x86.Build.0 = Release|Win32
		{485711C8-8A24-490E-BE55-D78805C24219}.Debug|x64.ActiveCfg = Debug|x64
		{485711C8-8A24-490E-BE55-D78805C24219}.Debug|x64.Build.0 = Debug|x64
		{485711C8-8A24-490E-BE55-D78805C24219}.Debug|x86.ActiveCfg = Debug|Win32
		{485711C8-8A24-490E-BE55-D78805C24219}.Debug|x86.Build.0 = Debug|Win32
		{485711C8-8A24-490E-BE55-D78805C24219}.Release|x64.ActiveCfg = Release|x64
		{485711C8-8A24-490E-BE55-D78805C24219}.Release|x64.Build.0 = Release|x64
		{485711C8-8A24-490E-BE55-D78805C24219}.Release|x86.ActiveCfg = Release|Win32
		{485711C8-8A24-490E-BE55-D78805C24219}.Release|x86.Build.0 = Release|Win32
	EndGlobalSection
	GlobalSection(SolutionProperties) = preSolution
		HideSolutionNode = FALSE
	EndGlobalSection
	GlobalSection(ExtensibilityGlobals) = postSolution
		SolutionGuid = {D472DE96-0C47-42B6-A254-DA7929EE5FED}
	EndGlobalSection
EndGlobal
